# Generated by pub
# See https://dart.dev/tools/pub/glossary#lockfile
packages:
  antlr4:
    dependency: "direct main"
    description:
      name: antlr4
      url: "https://pub.dartlang.org"
    source: hosted
    version: "4.8.0-dev.2"
  collection:
    dependency: transitive
    description:
      name: collection
      url: "https://pub.dartlang.org"
    source: hosted
    version: "1.14.12"
  logging:
    dependency: transitive
    description:
      name: logging
      url: "https://pub.dartlang.org"
    source: hosted
    version: "0.11.4"
  pedantic:
    dependency: "direct dev"
    description:
      name: pedantic
      url: "https://pub.dartlang.org"
    source: hosted
    version: "1.9.0"
sdks:
  dart: ">=2.7.0 <3.0.0"
